<Solution>
  <Configurations>
    <Platform Name="Any CPU" />
    <Platform Name="x64" />
  </Configurations>
  <Folder Name="/src/">
    <Project Path="src/SmartBiz.Api/SmartBiz.Api.csproj">
      <Platform Solution="*|x64" Project="x64" />
    </Project>
    <Project Path="src/SmartBiz.Application/SmartBiz.Application.csproj">
      <Platform Solution="*|x64" Project="x64" />
    </Project>
    <Project Path="src/SmartBiz.Desktop/SmartBiz.Desktop.csproj">
      <Platform Solution="*|x64" Project="x64" />
    </Project>
    <Project Path="src/SmartBiz.Domain/SmartBiz.Domain.csproj">
      <Platform Solution="*|x64" Project="x64" />
    </Project>
    <Project Path="src/SmartBiz.Infrastructure/SmartBiz.Infrastructure.csproj">
      <Platform Solution="*|x64" Project="x64" />
    </Project>
  </Folder>
  <Folder Name="/tests/">
    <Project Path="tests/SmartBiz.IntegrationTests/SmartBiz.IntegrationTests.csproj">
      <Platform Solution="*|x64" Project="x64" />
    </Project>
    <Project Path="tests/SmartBiz.UnitTests/SmartBiz.UnitTests.csproj">
      <Platform Solution="*|x64" Project="x64" />
    </Project>
  </Folder>
</Solution>
